
Microsoft Visual Studio Solution File, Format Version 12.00
# Visual Studio Version 17
VisualStudioVersion = 17.2.32526.322
MinimumVisualStudioVersion = 10.0.40219.1
Project("{2150E333-8FDC-42A3-9474-1A3956D46DE8}") = "Services", "Services", "{022C2B90-1EB8-4842-90B5-55B3787BAB5A}"
EndProject
Project("{FAE04EC0-301F-11D3-BF4B-00C04F79EFBC}") = "TimerWorkerService", "TimerWorkerService\TimerWorkerService.csproj", "{DC639446-B98E-47AB-A921-C58124663DCB}"
EndProject
Project("{E53339B2-1760-4266-BCC7-CA923CBCF16C}") = "docker-compose", "docker-compose.dcproj", "{7D3FB266-4F78-438F-A738-FA6477B118A1}"
EndProject
Project("{2150E333-8FDC-42A3-9474-1A3956D46DE8}") = "Compose", "Compose", "{86B8B433-2848-4D76-9E6C-B511AAFF1EB5}"
EndProject
Project("{2150E333-8FDC-42A3-9474-1A3956D46DE8}") = "Infra", "Infra", "{0752A84F-D1E5-4208-90A1-202D8D1EA52B}"
EndProject
Project("{FAE04EC0-301F-11D3-BF4B-00C04F79EFBC}") = "Infrastructure.Messaging", "Infra\Infrastructure.Messaging\Infrastructure.Messaging.csproj", "{4E2A90DA-F0E0-4AF9-8957-8D41E1BE778B}"
EndProject
Project("{2150E333-8FDC-42A3-9474-1A3956D46DE8}") = "Messaging", "Messaging", "{0C35F8F9-23F1-4755-BFFA-05DE4C3260F6}"
EndProject
Project("{FAE04EC0-301F-11D3-BF4B-00C04F79EFBC}") = "Infra.RabbitMQ", "Infra.RabbitMQ\Infra.RabbitMQ.csproj", "{C0B5B436-D2D9-4675-B59B-7FEB186E68C3}"
EndProject
Project("{FAE04EC0-301F-11D3-BF4B-00C04F79EFBC}") = "EmailService", "Services\EmailService\EmailService.csproj", "{A29DB202-C6D0-4B8C-B12A-E35105952452}"
EndProject
Global
	GlobalSection(SolutionConfigurationPlatforms) = preSolution
		Debug|Any CPU = Debug|Any CPU
		Release|Any CPU = Release|Any CPU
	EndGlobalSection
	GlobalSection(ProjectConfigurationPlatforms) = postSolution
		{DC639446-B98E-47AB-A921-C58124663DCB}.Debug|Any CPU.ActiveCfg = Debug|Any CPU
		{DC639446-B98E-47AB-A921-C58124663DCB}.Debug|Any CPU.Build.0 = Debug|Any CPU
		{DC639446-B98E-47AB-A921-C58124663DCB}.Release|Any CPU.ActiveCfg = Release|Any CPU
		{DC639446-B98E-47AB-A921-C58124663DCB}.Release|Any CPU.Build.0 = Release|Any CPU
		{7D3FB266-4F78-438F-A738-FA6477B118A1}.Debug|Any CPU.ActiveCfg = Debug|Any CPU
		{7D3FB266-4F78-438F-A738-FA6477B118A1}.Debug|Any CPU.Build.0 = Debug|Any CPU
		{7D3FB266-4F78-438F-A738-FA6477B118A1}.Release|Any CPU.ActiveCfg = Release|Any CPU
		{7D3FB266-4F78-438F-A738-FA6477B118A1}.Release|Any CPU.Build.0 = Release|Any CPU
		{4E2A90DA-F0E0-4AF9-8957-8D41E1BE778B}.Debug|Any CPU.ActiveCfg = Debug|Any CPU
		{4E2A90DA-F0E0-4AF9-8957-8D41E1BE778B}.Debug|Any CPU.Build.0 = Debug|Any CPU
		{4E2A90DA-F0E0-4AF9-8957-8D41E1BE778B}.Release|Any CPU.ActiveCfg = Release|Any CPU
		{4E2A90DA-F0E0-4AF9-8957-8D41E1BE778B}.Release|Any CPU.Build.0 = Release|Any CPU
		{C0B5B436-D2D9-4675-B59B-7FEB186E68C3}.Debug|Any CPU.ActiveCfg = Debug|Any CPU
		{C0B5B436-D2D9-4675-B59B-7FEB186E68C3}.Debug|Any CPU.Build.0 = Debug|Any CPU
		{C0B5B436-D2D9-4675-B59B-7FEB186E68C3}.Release|Any CPU.ActiveCfg = Release|Any CPU
		{C0B5B436-D2D9-4675-B59B-7FEB186E68C3}.Release|Any CPU.Build.0 = Release|Any CPU
		{A29DB202-C6D0-4B8C-B12A-E35105952452}.Debug|Any CPU.ActiveCfg = Debug|Any CPU
		{A29DB202-C6D0-4B8C-B12A-E35105952452}.Debug|Any CPU.Build.0 = Debug|Any CPU
		{A29DB202-C6D0-4B8C-B12A-E35105952452}.Release|Any CPU.ActiveCfg = Release|Any CPU
		{A29DB202-C6D0-4B8C-B12A-E35105952452}.Release|Any CPU.Build.0 = Release|Any CPU
	EndGlobalSection
	GlobalSection(SolutionProperties) = preSolution
		HideSolutionNode = FALSE
	EndGlobalSection
	GlobalSection(NestedProjects) = preSolution
		{DC639446-B98E-47AB-A921-C58124663DCB} = {022C2B90-1EB8-4842-90B5-55B3787BAB5A}
		{7D3FB266-4F78-438F-A738-FA6477B118A1} = {86B8B433-2848-4D76-9E6C-B511AAFF1EB5}
		{4E2A90DA-F0E0-4AF9-8957-8D41E1BE778B} = {0C35F8F9-23F1-4755-BFFA-05DE4C3260F6}
		{0C35F8F9-23F1-4755-BFFA-05DE4C3260F6} = {0752A84F-D1E5-4208-90A1-202D8D1EA52B}
		{C0B5B436-D2D9-4675-B59B-7FEB186E68C3} = {0C35F8F9-23F1-4755-BFFA-05DE4C3260F6}
		{A29DB202-C6D0-4B8C-B12A-E35105952452} = {022C2B90-1EB8-4842-90B5-55B3787BAB5A}
	EndGlobalSection
	GlobalSection(ExtensibilityGlobals) = postSolution
		SolutionGuid = {0BAA3ECC-C4D1-44BA-9110-7437C9531C84}
	EndGlobalSection
EndGlobal
